
Microsoft Visual Studio Solution File, Format Version 12.00
# Visual Studio Version 17
VisualStudioVersion = 17.2.32616.157
MinimumVisualStudioVersion = 10.0.40219.1
Project("{9A19103F-16F7-4668-BE54-9A1E7A4F7556}") = "LuckInfo", "LuckInfo.csproj", "{15992E16-0CCB-4745-A73D-2397DA853160}"
EndProject
Global
	GlobalSection(SolutionConfigurationPlatforms) = preSolution
		Debug|Any CPU = Debug|Any CPU
		Release|Any CPU = Release|Any CPU
	EndGlobalSection
	GlobalSection(ProjectConfigurationPlatforms) = postSolution
		{15992E16-0CCB-4745-A73D-2397DA853160}.Debug|Any CPU.ActiveCfg = Debug|Any CPU
		{15992E16-0CCB-4745-A73D-2397DA853160}.Debug|Any CPU.Build.0 = Debug|Any CPU
		{15992E16-0CCB-4745-A73D-2397DA853160}.Release|Any CPU.ActiveCfg = Release|Any CPU
		{15992E16-0CCB-4745-A73D-2397DA853160}.Release|Any CPU.Build.0 = Release|Any CPU
	EndGlobalSection
	GlobalSection(SolutionProperties) = preSolution
		HideSolutionNode = FALSE
	EndGlobalSection
	GlobalSection(ExtensibilityGlobals) = postSolution
		SolutionGuid = {78C92E7F-049B-4E46-B11F-AC904DD934AE}
	EndGlobalSection
EndGlobal
